// !$*UTF8*$!
{
	archiveVersion = 1;
	classes = {
	};
	objectVersion = 46;
	objects = {

/* Begin PBXBuildFile section */
		047CE2E01740D4C70064A6C0 /* UIKit.framework in Frameworks */ = {isa = PBXBuildFile; fileRef = 047CE2DF1740D4C70064A6C0 /* UIKit.framework */; };
		047CE2E21740D4C70064A6C0 /* Foundation.framework in Frameworks */ = {isa = PBXBuildFile; fileRef = 047CE2E11740D4C70064A6C0 /* Foundation.framework */; };
		047CE2E41740D4C70064A6C0 /* CoreGraphics.framework in Frameworks */ = {isa = PBXBuildFile; fileRef = 047CE2E31740D4C70064A6C0 /* CoreGraphics.framework */; };
		047CE2EA1740D4C70064A6C0 /* InfoPlist.strings in Resources */ = {isa = PBXBuildFile; fileRef = 047CE2E81740D4C70064A6C0 /* InfoPlist.strings */; };
		047CE2EC1740D4C70064A6C0 /* main.m in Sources */ = {isa = PBXBuildFile; fileRef = 047CE2EB1740D4C70064A6C0 /* main.m */; };
		047CE2F01740D4C70064A6C0 /* LZZAppDelegate.m in Sources */ = {isa = PBXBuildFile; fileRef = 047CE2EF1740D4C70064A6C0 /* LZZAppDelegate.m */; };
		047CE2F21740D4C70064A6C0 /* Default.png in Resources */ = {isa = PBXBuildFile; fileRef = 047CE2F11740D4C70064A6C0 /* Default.png */; };
		047CE2F41740D4C70064A6C0 /* Default@2x.png in Resources */ = {isa = PBXBuildFile; fileRef = 047CE2F31740D4C70064A6C0 /* Default@2x.png */; };
		047CE2F61740D4C70064A6C0 /* Default-568h@2x.png in Resources */ = {isa = PBXBuildFile; fileRef = 047CE2F51740D4C70064A6C0 /* Default-568h@2x.png */; };
		047CE2FE1740D68B0064A6C0 /* LZZNewsCell.m in Sources */ = {isa = PBXBuildFile; fileRef = 047CE2FD1740D68B0064A6C0 /* LZZNewsCell.m */; };
		047CE3011740DAA20064A6C0 /* LZZListViewController.m in Sources */ = {isa = PBXBuildFile; fileRef = 047CE3001740DAA20064A6C0 /* LZZListViewController.m */; };
		047CE3051740DE7F0064A6C0 /* buttomline.png in Resources */ = {isa = PBXBuildFile; fileRef = 047CE3031740DE7F0064A6C0 /* buttomline.png */; };
		047CE3061740DE7F0064A6C0 /* topline.png in Resources */ = {isa = PBXBuildFile; fileRef = 047CE3041740DE7F0064A6C0 /* topline.png */; };
		047CE3091740DF820064A6C0 /* LZZNewsItem.m in Sources */ = {isa = PBXBuildFile; fileRef = 047CE3081740DF820064A6C0 /* LZZNewsItem.m */; };
		047CE30C1740E1390064A6C0 /* LZZDatabaseManager.m in Sources */ = {isa = PBXBuildFile; fileRef = 047CE30B1740E1390064A6C0 /* LZZDatabaseManager.m */; };
		047CE3181740E1470064A6C0 /* FMDatabase.m in Sources */ = {isa = PBXBuildFile; fileRef = 047CE30F1740E1470064A6C0 /* FMDatabase.m */; };
		047CE3191740E1470064A6C0 /* FMDatabaseAdditions.m in Sources */ = {isa = PBXBuildFile; fileRef = 047CE3111740E1470064A6C0 /* FMDatabaseAdditions.m */; };
		047CE31A1740E1470064A6C0 /* FMDatabasePool.m in Sources */ = {isa = PBXBuildFile; fileRef = 047CE3131740E1470064A6C0 /* FMDatabasePool.m */; };
		047CE31B1740E1470064A6C0 /* FMDatabaseQueue.m in Sources */ = {isa = PBXBuildFile; fileRef = 047CE3151740E1470064A6C0 /* FMDatabaseQueue.m */; };
		047CE31C1740E1470064A6C0 /* FMResultSet.m in Sources */ = {isa = PBXBuildFile; fileRef = 047CE3171740E1470064A6C0 /* FMResultSet.m */; };
		047CE31E1740E2E60064A6C0 /* libsqlite3.dylib in Frameworks */ = {isa = PBXBuildFile; fileRef = 047CE31D1740E2E60064A6C0 /* libsqlite3.dylib */; };
		047CE3271740E5A70064A6C0 /* libxml2.dylib in Frameworks */ = {isa = PBXBuildFile; fileRef = 047CE3261740E5A60064A6C0 /* libxml2.dylib */; };
		047CE3441740E61C0064A6C0 /* ASIAuthenticationDialog.m in Sources */ = {isa = PBXBuildFile; fileRef = 047CE32A1740E61C0064A6C0 /* ASIAuthenticationDialog.m */; };
		047CE3451740E61C0064A6C0 /* ASIDataCompressor.m in Sources */ = {isa = PBXBuildFile; fileRef = 047CE32D1740E61C0064A6C0 /* ASIDataCompressor.m */; };
		047CE3461740E61C0064A6C0 /* ASIDataDecompressor.m in Sources */ = {isa = PBXBuildFile; fileRef = 047CE32F1740E61C0064A6C0 /* ASIDataDecompressor.m */; };
		047CE3471740E61C0064A6C0 /* ASIDownloadCache.m in Sources */ = {isa = PBXBuildFile; fileRef = 047CE3311740E61C0064A6C0 /* ASIDownloadCache.m */; };
		047CE3481740E61C0064A6C0 /* ASIFormDataRequest.m in Sources */ = {isa = PBXBuildFile; fileRef = 047CE3331740E61C0064A6C0 /* ASIFormDataRequest.m */; };
		047CE3491740E61C0064A6C0 /* ASIHTTPRequest.m in Sources */ = {isa = PBXBuildFile; fileRef = 047CE3351740E61C0064A6C0 /* ASIHTTPRequest.m */; };
		047CE34A1740E61C0064A6C0 /* ASIInputStream.m in Sources */ = {isa = PBXBuildFile; fileRef = 047CE3391740E61C0064A6C0 /* ASIInputStream.m */; };
		047CE34B1740E61C0064A6C0 /* ASINetworkQueue.m in Sources */ = {isa = PBXBuildFile; fileRef = 047CE33B1740E61C0064A6C0 /* ASINetworkQueue.m */; };
		047CE34C1740E61C0064A6C0 /* Reachability.m in Sources */ = {isa = PBXBuildFile; fileRef = 047CE3401740E61C0064A6C0 /* Reachability.m */; };
		047CE34D1740E61C0064A6C0 /* NSString+Hashing.m in Sources */ = {isa = PBXBuildFile; fileRef = 047CE3431740E61C0064A6C0 /* NSString+Hashing.m */; };
		047CE34F1740E6D70064A6C0 /* SystemConfiguration.framework in Frameworks */ = {isa = PBXBuildFile; fileRef = 047CE34E1740E6D70064A6C0 /* SystemConfiguration.framework */; };
		047CE3511740E6DA0064A6C0 /* CFNetwork.framework in Frameworks */ = {isa = PBXBuildFile; fileRef = 047CE3501740E6DA0064A6C0 /* CFNetwork.framework */; };
		047CE3531740E6E40064A6C0 /* MobileCoreServices.framework in Frameworks */ = {isa = PBXBuildFile; fileRef = 047CE3521740E6E40064A6C0 /* MobileCoreServices.framework */; };
		047CE3551740E6E90064A6C0 /* libz.1.2.5.dylib in Frameworks */ = {isa = PBXBuildFile; fileRef = 047CE3541740E6E90064A6C0 /* libz.1.2.5.dylib */; };
		047CE3571740E91A0064A6C0 /* list.txt in Resources */ = {isa = PBXBuildFile; fileRef = 047CE3561740E91A0064A6C0 /* list.txt */; };
		047CE35B1740E9960064A6C0 /* GDataXMLNode.m in Sources */ = {isa = PBXBuildFile; fileRef = 047CE35A1740E9960064A6C0 /* GDataXMLNode.m */; };
		047CE35E1740FAFA0064A6C0 /* LZZUniversal.m in Sources */ = {isa = PBXBuildFile; fileRef = 047CE35D1740FAFA0064A6C0 /* LZZUniversal.m */; };
		047CE360174112660064A6C0 /* head.png in Resources */ = {isa = PBXBuildFile; fileRef = 047CE35F174112660064A6C0 /* head.png */; };
		047CE3631741138D0064A6C0 /* LZZNewsViewController.m in Sources */ = {isa = PBXBuildFile; fileRef = 047CE3621741138D0064A6C0 /* LZZNewsViewController.m */; };
		04E6CDFB1741E13100079CDB /* back.png in Resources */ = {isa = PBXBuildFile; fileRef = 04E6CDFA1741E13100079CDB /* back.png */; };
		04E6CDFF1741E37500079CDB /* headBottomLine.png in Resources */ = {isa = PBXBuildFile; fileRef = 04E6CDFE1741E37500079CDB /* headBottomLine.png */; };
		04E6CE011741EEC500079CDB /* imagePlaceholder.png in Resources */ = {isa = PBXBuildFile; fileRef = 04E6CE001741EEC500079CDB /* imagePlaceholder.png */; };
		04E6CE1017420C3600079CDB /* EGORefreshTableHeaderView.m in Sources */ = {isa = PBXBuildFile; fileRef = 04E6CE0617420C3600079CDB /* EGORefreshTableHeaderView.m */; };
		04E6CE1117420C3600079CDB /* blackArrow.png in Resources */ = {isa = PBXBuildFile; fileRef = 04E6CE0817420C3600079CDB /* blackArrow.png */; };
		04E6CE1217420C3600079CDB /* blackArrow@2x.png in Resources */ = {isa = PBXBuildFile; fileRef = 04E6CE0917420C3600079CDB /* blackArrow@2x.png */; };
		04E6CE1317420C3600079CDB /* blueArrow.png in Resources */ = {isa = PBXBuildFile; fileRef = 04E6CE0A17420C3600079CDB /* blueArrow.png */; };
		04E6CE1417420C3600079CDB /* blueArrow@2x.png in Resources */ = {isa = PBXBuildFile; fileRef = 04E6CE0B17420C3600079CDB /* blueArrow@2x.png */; };
		04E6CE1517420C3600079CDB /* grayArrow.png in Resources */ = {isa = PBXBuildFile; fileRef = 04E6CE0C17420C3600079CDB /* grayArrow.png */; };
		04E6CE1617420C3600079CDB /* grayArrow@2x.png in Resources */ = {isa = PBXBuildFile; fileRef = 04E6CE0D17420C3600079CDB /* grayArrow@2x.png */; };
		04E6CE1717420C3600079CDB /* whiteArrow.png in Resources */ = {isa = PBXBuildFile; fileRef = 04E6CE0E17420C3600079CDB /* whiteArrow.png */; };
		04E6CE1817420C3600079CDB /* whiteArrow@2x.png in Resources */ = {isa = PBXBuildFile; fileRef = 04E6CE0F17420C3600079CDB /* whiteArrow@2x.png */; };
		04E6CE1A17420C5100079CDB /* QuartzCore.framework in Frameworks */ = {isa = PBXBuildFile; fileRef = 04E6CE1917420C5100079CDB /* QuartzCore.framework */; };
		04E6CE22174212AD00079CDB /* LZZRefreshTableFooterView.m in Sources */ = {isa = PBXBuildFile; fileRef = 04E6CE21174212AD00079CDB /* LZZRefreshTableFooterView.m */; };
		04F1998F174128C10027902B /* NSString+Hashing.m in Sources */ = {isa = PBXBuildFile; fileRef = 04F1998E174128C10027902B /* NSString+Hashing.m */; };
		04F1999217412E6F0027902B /* LZZFrameViewController.m in Sources */ = {isa = PBXBuildFile; fileRef = 04F1999117412E6F0027902B /* LZZFrameViewController.m */; };
/* End PBXBuildFile section */

/* Begin PBXFileReference section */
		047CE2DC1740D4C70064A6C0 /* LZZTest.app */ = {isa = PBXFileReference; explicitFileType = wrapper.application; includeInIndex = 0; path = LZZTest.app; sourceTree = BUILT_PRODUCTS_DIR; };
		047CE2DF1740D4C70064A6C0 /* UIKit.framework */ = {isa = PBXFileReference; lastKnownFileType = wrapper.framework; name = UIKit.framework; path = System/Library/Frameworks/UIKit.framework; sourceTree = SDKROOT; };
		047CE2E11740D4C70064A6C0 /* Foundation.framework */ = {isa = PBXFileReference; lastKnownFileType = wrapper.framework; name = Foundation.framework; path = System/Library/Frameworks/Foundation.framework; sourceTree = SDKROOT; };
		047CE2E31740D4C70064A6C0 /* CoreGraphics.framework */ = {isa = PBXFileReference; lastKnownFileType = wrapper.framework; name = CoreGraphics.framework; path = System/Library/Frameworks/CoreGraphics.framework; sourceTree = SDKROOT; };
		047CE2E71740D4C70064A6C0 /* LZZTest-Info.plist */ = {isa = PBXFileReference; lastKnownFileType = text.plist.xml; path = "LZZTest-Info.plist"; sourceTree = "<group>"; };
		047CE2E91740D4C70064A6C0 /* en */ = {isa = PBXFileReference; lastKnownFileType = text.plist.strings; name = en; path = en.lproj/InfoPlist.strings; sourceTree = "<group>"; };
		047CE2EB1740D4C70064A6C0 /* main.m */ = {isa = PBXFileReference; lastKnownFileType = sourcecode.c.objc; path = main.m; sourceTree = "<group>"; };
		047CE2ED1740D4C70064A6C0 /* LZZTest-Prefix.pch */ = {isa = PBXFileReference; lastKnownFileType = sourcecode.c.h; path = "LZZTest-Prefix.pch"; sourceTree = "<group>"; };
		047CE2EE1740D4C70064A6C0 /* LZZAppDelegate.h */ = {isa = PBXFileReference; lastKnownFileType = sourcecode.c.h; path = LZZAppDelegate.h; sourceTree = "<group>"; };
		047CE2EF1740D4C70064A6C0 /* LZZAppDelegate.m */ = {isa = PBXFileReference; lastKnownFileType = sourcecode.c.objc; path = LZZAppDelegate.m; sourceTree = "<group>"; };
		047CE2F11740D4C70064A6C0 /* Default.png */ = {isa = PBXFileReference; lastKnownFileType = image.png; path = Default.png; sourceTree = "<group>"; };
		047CE2F31740D4C70064A6C0 /* Default@2x.png */ = {isa = PBXFileReference; lastKnownFileType = image.png; path = "Default@2x.png"; sourceTree = "<group>"; };
		047CE2F51740D4C70064A6C0 /* Default-568h@2x.png */ = {isa = PBXFileReference; lastKnownFileType = image.png; path = "Default-568h@2x.png"; sourceTree = "<group>"; };
		047CE2FC1740D68B0064A6C0 /* LZZNewsCell.h */ = {isa = PBXFileReference; fileEncoding = 4; lastKnownFileType = sourcecode.c.h; path = LZZNewsCell.h; sourceTree = "<group>"; };
		047CE2FD1740D68B0064A6C0 /* LZZNewsCell.m */ = {isa = PBXFileReference; fileEncoding = 4; lastKnownFileType = sourcecode.c.objc; path = LZZNewsCell.m; sourceTree = "<group>"; };
		047CE2FF1740DAA20064A6C0 /* LZZListViewController.h */ = {isa = PBXFileReference; fileEncoding = 4; lastKnownFileType = sourcecode.c.h; path = LZZListViewController.h; sourceTree = "<group>"; };
		047CE3001740DAA20064A6C0 /* LZZListViewController.m */ = {isa = PBXFileReference; fileEncoding = 4; lastKnownFileType = sourcecode.c.objc; path = LZZListViewController.m; sourceTree = "<group>"; };
		047CE3031740DE7F0064A6C0 /* buttomline.png */ = {isa = PBXFileReference; lastKnownFileType = image.png; path = buttomline.png; sourceTree = "<group>"; };
		047CE3041740DE7F0064A6C0 /* topline.png */ = {isa = PBXFileReference; lastKnownFileType = image.png; path = topline.png; sourceTree = "<group>"; };
		047CE3071740DF820064A6C0 /* LZZNewsItem.h */ = {isa = PBXFileReference; fileEncoding = 4; lastKnownFileType = sourcecode.c.h; path = LZZNewsItem.h; sourceTree = "<group>"; };
		047CE3081740DF820064A6C0 /* LZZNewsItem.m */ = {isa = PBXFileReference; fileEncoding = 4; lastKnownFileType = sourcecode.c.objc; path = LZZNewsItem.m; sourceTree = "<group>"; };
		047CE30A1740E1380064A6C0 /* LZZDatabaseManager.h */ = {isa = PBXFileReference; fileEncoding = 4; lastKnownFileType = sourcecode.c.h; path = LZZDatabaseManager.h; sourceTree = "<group>"; };
		047CE30B1740E1390064A6C0 /* LZZDatabaseManager.m */ = {isa = PBXFileReference; fileEncoding = 4; lastKnownFileType = sourcecode.c.objc; path = LZZDatabaseManager.m; sourceTree = "<group>"; };
		047CE30E1740E1470064A6C0 /* FMDatabase.h */ = {isa = PBXFileReference; fileEncoding = 4; lastKnownFileType = sourcecode.c.h; path = FMDatabase.h; sourceTree = "<group>"; };
		047CE30F1740E1470064A6C0 /* FMDatabase.m */ = {isa = PBXFileReference; fileEncoding = 4; lastKnownFileType = sourcecode.c.objc; path = FMDatabase.m; sourceTree = "<group>"; };
		047CE3101740E1470064A6C0 /* FMDatabaseAdditions.h */ = {isa = PBXFileReference; fileEncoding = 4; lastKnownFileType = sourcecode.c.h; path = FMDatabaseAdditions.h; sourceTree = "<group>"; };
		047CE3111740E1470064A6C0 /* FMDatabaseAdditions.m */ = {isa = PBXFileReference; fileEncoding = 4; lastKnownFileType = sourcecode.c.objc; path = FMDatabaseAdditions.m; sourceTree = "<group>"; };
		047CE3121740E1470064A6C0 /* FMDatabasePool.h */ = {isa = PBXFileReference; fileEncoding = 4; lastKnownFileType = sourcecode.c.h; path = FMDatabasePool.h; sourceTree = "<group>"; };
		047CE3131740E1470064A6C0 /* FMDatabasePool.m */ = {isa = PBXFileReference; fileEncoding = 4; lastKnownFileType = sourcecode.c.objc; path = FMDatabasePool.m; sourceTree = "<group>"; };
		047CE3141740E1470064A6C0 /* FMDatabaseQueue.h */ = {isa = PBXFileReference; fileEncoding = 4; lastKnownFileType = sourcecode.c.h; path = FMDatabaseQueue.h; sourceTree = "<group>"; };
		047CE3151740E1470064A6C0 /* FMDatabaseQueue.m */ = {isa = PBXFileReference; fileEncoding = 4; lastKnownFileType = sourcecode.c.objc; path = FMDatabaseQueue.m; sourceTree = "<group>"; };
		047CE3161740E1470064A6C0 /* FMResultSet.h */ = {isa = PBXFileReference; fileEncoding = 4; lastKnownFileType = sourcecode.c.h; path = FMResultSet.h; sourceTree = "<group>"; };
		047CE3171740E1470064A6C0 /* FMResultSet.m */ = {isa = PBXFileReference; fileEncoding = 4; lastKnownFileType = sourcecode.c.objc; path = FMResultSet.m; sourceTree = "<group>"; };
		047CE31D1740E2E60064A6C0 /* libsqlite3.dylib */ = {isa = PBXFileReference; lastKnownFileType = "compiled.mach-o.dylib"; name = libsqlite3.dylib; path = usr/lib/libsqlite3.dylib; sourceTree = SDKROOT; };
		047CE3261740E5A60064A6C0 /* libxml2.dylib */ = {isa = PBXFileReference; lastKnownFileType = "compiled.mach-o.dylib"; name = libxml2.dylib; path = usr/lib/libxml2.dylib; sourceTree = SDKROOT; };
		047CE3291740E61C0064A6C0 /* ASIAuthenticationDialog.h */ = {isa = PBXFileReference; fileEncoding = 4; lastKnownFileType = sourcecode.c.h; path = ASIAuthenticationDialog.h; sourceTree = "<group>"; };
		047CE32A1740E61C0064A6C0 /* ASIAuthenticationDialog.m */ = {isa = PBXFileReference; fileEncoding = 4; lastKnownFileType = sourcecode.c.objc; path = ASIAuthenticationDialog.m; sourceTree = "<group>"; };
		047CE32B1740E61C0064A6C0 /* ASICacheDelegate.h */ = {isa = PBXFileReference; fileEncoding = 4; lastKnownFileType = sourcecode.c.h; path = ASICacheDelegate.h; sourceTree = "<group>"; };
		047CE32C1740E61C0064A6C0 /* ASIDataCompressor.h */ = {isa = PBXFileReference; fileEncoding = 4; lastKnownFileType = sourcecode.c.h; path = ASIDataCompressor.h; sourceTree = "<group>"; };
		047CE32D1740E61C0064A6C0 /* ASIDataCompressor.m */ = {isa = PBXFileReference; fileEncoding = 4; lastKnownFileType = sourcecode.c.objc; path = ASIDataCompressor.m; sourceTree = "<group>"; };
		047CE32E1740E61C0064A6C0 /* ASIDataDecompressor.h */ = {isa = PBXFileReference; fileEncoding = 4; lastKnownFileType = sourcecode.c.h; path = ASIDataDecompressor.h; sourceTree = "<group>"; };
		047CE32F1740E61C0064A6C0 /* ASIDataDecompressor.m */ = {isa = PBXFileReference; fileEncoding = 4; lastKnownFileType = sourcecode.c.objc; path = ASIDataDecompressor.m; sourceTree = "<group>"; };
		047CE3301740E61C0064A6C0 /* ASIDownloadCache.h */ = {isa = PBXFileReference; fileEncoding = 4; lastKnownFileType = sourcecode.c.h; path = ASIDownloadCache.h; sourceTree = "<group>"; };
		047CE3311740E61C0064A6C0 /* ASIDownloadCache.m */ = {isa = PBXFileReference; fileEncoding = 4; lastKnownFileType = sourcecode.c.objc; path = ASIDownloadCache.m; sourceTree = "<group>"; };
		047CE3321740E61C0064A6C0 /* ASIFormDataRequest.h */ = {isa = PBXFileReference; fileEncoding = 4; lastKnownFileType = sourcecode.c.h; path = ASIFormDataRequest.h; sourceTree = "<group>"; };
		047CE3331740E61C0064A6C0 /* ASIFormDataRequest.m */ = {isa = PBXFileReference; fileEncoding = 4; lastKnownFileType = sourcecode.c.objc; path = ASIFormDataRequest.m; sourceTree = "<group>"; };
		047CE3341740E61C0064A6C0 /* ASIHTTPRequest.h */ = {isa = PBXFileReference; fileEncoding = 4; lastKnownFileType = sourcecode.c.h; path = ASIHTTPRequest.h; sourceTree = "<group>"; };
		047CE3351740E61C0064A6C0 /* ASIHTTPRequest.m */ = {isa = PBXFileReference; fileEncoding = 4; lastKnownFileType = sourcecode.c.objc; path = ASIHTTPRequest.m; sourceTree = "<group>"; };
		047CE3361740E61C0064A6C0 /* ASIHTTPRequestConfig.h */ = {isa = PBXFileReference; fileEncoding = 4; lastKnownFileType = sourcecode.c.h; path = ASIHTTPRequestConfig.h; sourceTree = "<group>"; };
		047CE3371740E61C0064A6C0 /* ASIHTTPRequestDelegate.h */ = {isa = PBXFileReference; fileEncoding = 4; lastKnownFileType = sourcecode.c.h; path = ASIHTTPRequestDelegate.h; sourceTree = "<group>"; };
		047CE3381740E61C0064A6C0 /* ASIInputStream.h */ = {isa = PBXFileReference; fileEncoding = 4; lastKnownFileType = sourcecode.c.h; path = ASIInputStream.h; sourceTree = "<group>"; };
		047CE3391740E61C0064A6C0 /* ASIInputStream.m */ = {isa = PBXFileReference; fileEncoding = 4; lastKnownFileType = sourcecode.c.objc; path = ASIInputStream.m; sourceTree = "<group>"; };
		047CE33A1740E61C0064A6C0 /* ASINetworkQueue.h */ = {isa = PBXFileReference; fileEncoding = 4; lastKnownFileType = sourcecode.c.h; path = ASINetworkQueue.h; sourceTree = "<group>"; };
		047CE33B1740E61C0064A6C0 /* ASINetworkQueue.m */ = {isa = PBXFileReference; fileEncoding = 4; lastKnownFileType = sourcecode.c.objc; path = ASINetworkQueue.m; sourceTree = "<group>"; };
		047CE33C1740E61C0064A6C0 /* ASIProgressDelegate.h */ = {isa = PBXFileReference; fileEncoding = 4; lastKnownFileType = sourcecode.c.h; path = ASIProgressDelegate.h; sourceTree = "<group>"; };
		047CE33F1740E61C0064A6C0 /* Reachability.h */ = {isa = PBXFileReference; fileEncoding = 4; lastKnownFileType = sourcecode.c.h; path = Reachability.h; sourceTree = "<group>"; };
		047CE3401740E61C0064A6C0 /* Reachability.m */ = {isa = PBXFileReference; fileEncoding = 4; lastKnownFileType = sourcecode.c.objc; path = Reachability.m; sourceTree = "<group>"; };
		047CE3421740E61C0064A6C0 /* NSString+Hashing.h */ = {isa = PBXFileReference; fileEncoding = 4; lastKnownFileType = sourcecode.c.h; path = "NSString+Hashing.h"; sourceTree = "<group>"; };
		047CE3431740E61C0064A6C0 /* NSString+Hashing.m */ = {isa = PBXFileReference; fileEncoding = 4; lastKnownFileType = sourcecode.c.objc; path = "NSString+Hashing.m"; sourceTree = "<group>"; };
		047CE34E1740E6D70064A6C0 /* SystemConfiguration.framework */ = {isa = PBXFileReference; lastKnownFileType = wrapper.framework; name = SystemConfiguration.framework; path = System/Library/Frameworks/SystemConfiguration.framework; sourceTree = SDKROOT; };
		047CE3501740E6DA0064A6C0 /* CFNetwork.framework */ = {isa = PBXFileReference; lastKnownFileType = wrapper.framework; name = CFNetwork.framework; path = System/Library/Frameworks/CFNetwork.framework; sourceTree = SDKROOT; };
		047CE3521740E6E40064A6C0 /* MobileCoreServices.framework */ = {isa = PBXFileReference; lastKnownFileType = wrapper.framework; name = MobileCoreServices.framework; path = System/Library/Frameworks/MobileCoreServices.framework; sourceTree = SDKROOT; };
		047CE3541740E6E90064A6C0 /* libz.1.2.5.dylib */ = {isa = PBXFileReference; lastKnownFileType = "compiled.mach-o.dylib"; name = libz.1.2.5.dylib; path = usr/lib/libz.1.2.5.dylib; sourceTree = SDKROOT; };
		047CE3561740E91A0064A6C0 /* list.txt */ = {isa = PBXFileReference; fileEncoding = 4; lastKnownFileType = text; path = list.txt; sourceTree = "<group>"; };
		047CE3591740E9960064A6C0 /* GDataXMLNode.h */ = {isa = PBXFileReference; fileEncoding = 4; lastKnownFileType = sourcecode.c.h; path = GDataXMLNode.h; sourceTree = "<group>"; };
		047CE35A1740E9960064A6C0 /* GDataXMLNode.m */ = {isa = PBXFileReference; fileEncoding = 4; lastKnownFileType = sourcecode.c.objc; path = GDataXMLNode.m; sourceTree = "<group>"; };
		047CE35C1740FAFA0064A6C0 /* LZZUniversal.h */ = {isa = PBXFileReference; fileEncoding = 4; lastKnownFileType = sourcecode.c.h; path = LZZUniversal.h; sourceTree = "<group>"; };
		047CE35D1740FAFA0064A6C0 /* LZZUniversal.m */ = {isa = PBXFileReference; fileEncoding = 4; lastKnownFileType = sourcecode.c.objc; path = LZZUniversal.m; sourceTree = "<group>"; };
		047CE35F174112660064A6C0 /* head.png */ = {isa = PBXFileReference; lastKnownFileType = image.png; path = head.png; sourceTree = "<group>"; };
		047CE3611741138D0064A6C0 /* LZZNewsViewController.h */ = {isa = PBXFileReference; fileEncoding = 4; lastKnownFileType = sourcecode.c.h; path = LZZNewsViewController.h; sourceTree = "<group>"; };
		047CE3621741138D0064A6C0 /* LZZNewsViewController.m */ = {isa = PBXFileReference; fileEncoding = 4; lastKnownFileType = sourcecode.c.objc; path = LZZNewsViewController.m; sourceTree = "<group>"; };
		04E6CDFA1741E13100079CDB /* back.png */ = {isa = PBXFileReference; lastKnownFileType = image.png; path = back.png; sourceTree = "<group>"; };
		04E6CDFE1741E37500079CDB /* headBottomLine.png */ = {isa = PBXFileReference; lastKnownFileType = image.png; path = headBottomLine.png; sourceTree = "<group>"; };
		04E6CE001741EEC500079CDB /* imagePlaceholder.png */ = {isa = PBXFileReference; lastKnownFileType = image.png; path = imagePlaceholder.png; sourceTree = "<group>"; };
		04E6CE0517420C3600079CDB /* EGORefreshTableHeaderView.h */ = {isa = PBXFileReference; fileEncoding = 4; lastKnownFileType = sourcecode.c.h; path = EGORefreshTableHeaderView.h; sourceTree = "<group>"; };
		04E6CE0617420C3600079CDB /* EGORefreshTableHeaderView.m */ = {isa = PBXFileReference; fileEncoding = 4; lastKnownFileType = sourcecode.c.objc; path = EGORefreshTableHeaderView.m; sourceTree = "<group>"; };
		04E6CE0817420C3600079CDB /* blackArrow.png */ = {isa = PBXFileReference; lastKnownFileType = image.png; path = blackArrow.png; sourceTree = "<group>"; };
		04E6CE0917420C3600079CDB /* blackArrow@2x.png */ = {isa = PBXFileReference; lastKnownFileType = image.png; path = "blackArrow@2x.png"; sourceTree = "<group>"; };
		04E6CE0A17420C3600079CDB /* blueArrow.png */ = {isa = PBXFileReference; lastKnownFileType = image.png; path = blueArrow.png; sourceTree = "<group>"; };
		04E6CE0B17420C3600079CDB /* blueArrow@2x.png */ = {isa = PBXFileReference; lastKnownFileType = image.png; path = "blueArrow@2x.png"; sourceTree = "<group>"; };
		04E6CE0C17420C3600079CDB /* grayArrow.png */ = {isa = PBXFileReference; lastKnownFileType = image.png; path = grayArrow.png; sourceTree = "<group>"; };
		04E6CE0D17420C3600079CDB /* grayArrow@2x.png */ = {isa = PBXFileReference; lastKnownFileType = image.png; path = "grayArrow@2x.png"; sourceTree = "<group>"; };
		04E6CE0E17420C3600079CDB /* whiteArrow.png */ = {isa = PBXFileReference; lastKnownFileType = image.png; path = whiteArrow.png; sourceTree = "<group>"; };
		04E6CE0F17420C3600079CDB /* whiteArrow@2x.png */ = {isa = PBXFileReference; lastKnownFileType = image.png; path = "whiteArrow@2x.png"; sourceTree = "<group>"; };
		04E6CE1917420C5100079CDB /* QuartzCore.framework */ = {isa = PBXFileReference; lastKnownFileType = wrapper.framework; name = QuartzCore.framework; path = System/Library/Frameworks/QuartzCore.framework; sourceTree = SDKROOT; };
		04E6CE20174212AD00079CDB /* LZZRefreshTableFooterView.h */ = {isa = PBXFileReference; fileEncoding = 4; lastKnownFileType = sourcecode.c.h; path = LZZRefreshTableFooterView.h; sourceTree = "<group>"; };
		04E6CE21174212AD00079CDB /* LZZRefreshTableFooterView.m */ = {isa = PBXFileReference; fileEncoding = 4; lastKnownFileType = sourcecode.c.objc; path = LZZRefreshTableFooterView.m; sourceTree = "<group>"; };
		04F1998D174128C10027902B /* NSString+Hashing.h */ = {isa = PBXFileReference; fileEncoding = 4; lastKnownFileType = sourcecode.c.h; path = "NSString+Hashing.h"; sourceTree = "<group>"; };
		04F1998E174128C10027902B /* NSString+Hashing.m */ = {isa = PBXFileReference; fileEncoding = 4; lastKnownFileType = sourcecode.c.objc; path = "NSString+Hashing.m"; sourceTree = "<group>"; };
		04F1999017412E6F0027902B /* LZZFrameViewController.h */ = {isa = PBXFileReference; fileEncoding = 4; lastKnownFileType = sourcecode.c.h; path = LZZFrameViewController.h; sourceTree = "<group>"; };
		04F1999117412E6F0027902B /* LZZFrameViewController.m */ = {isa = PBXFileReference; fileEncoding = 4; lastKnownFileType = sourcecode.c.objc; path = LZZFrameViewController.m; sourceTree = "<group>"; };
/* End PBXFileReference section */

/* Begin PBXFrameworksBuildPhase section */
		047CE2D91740D4C70064A6C0 /* Frameworks */ = {
			isa = PBXFrameworksBuildPhase;
			buildActionMask = 2147483647;
			files = (
				04E6CE1A17420C5100079CDB /* QuartzCore.framework in Frameworks */,
				047CE3551740E6E90064A6C0 /* libz.1.2.5.dylib in Frameworks */,
				047CE3531740E6E40064A6C0 /* MobileCoreServices.framework in Frameworks */,
				047CE3511740E6DA0064A6C0 /* CFNetwork.framework in Frameworks */,
				047CE34F1740E6D70064A6C0 /* SystemConfiguration.framework in Frameworks */,
				047CE3271740E5A70064A6C0 /* libxml2.dylib in Frameworks */,
				047CE31E1740E2E60064A6C0 /* libsqlite3.dylib in Frameworks */,
				047CE2E01740D4C70064A6C0 /* UIKit.framework in Frameworks */,
				047CE2E21740D4C70064A6C0 /* Foundation.framework in Frameworks */,
				047CE2E41740D4C70064A6C0 /* CoreGraphics.framework in Frameworks */,
			);
			runOnlyForDeploymentPostprocessing = 0;
		};
/* End PBXFrameworksBuildPhase section */

/* Begin PBXGroup section */
		047CE2D31740D4C70064A6C0 = {
			isa = PBXGroup;
			children = (
				04E6CE1917420C5100079CDB /* QuartzCore.framework */,
				047CE3541740E6E90064A6C0 /* libz.1.2.5.dylib */,
				047CE3521740E6E40064A6C0 /* MobileCoreServices.framework */,
				047CE3501740E6DA0064A6C0 /* CFNetwork.framework */,
				047CE34E1740E6D70064A6C0 /* SystemConfiguration.framework */,
				047CE2E51740D4C70064A6C0 /* LZZTest */,
				047CE2DE1740D4C70064A6C0 /* Frameworks */,
				047CE2DD1740D4C70064A6C0 /* Products */,
			);
			sourceTree = "<group>";
		};
		047CE2DD1740D4C70064A6C0 /* Products */ = {
			isa = PBXGroup;
			children = (
				047CE2DC1740D4C70064A6C0 /* LZZTest.app */,
			);
			name = Products;
			sourceTree = "<group>";
		};
		047CE2DE1740D4C70064A6C0 /* Frameworks */ = {
			isa = PBXGroup;
			children = (
				047CE3261740E5A60064A6C0 /* libxml2.dylib */,
				047CE31D1740E2E60064A6C0 /* libsqlite3.dylib */,
				047CE2DF1740D4C70064A6C0 /* UIKit.framework */,
				047CE2E11740D4C70064A6C0 /* Foundation.framework */,
				047CE2E31740D4C70064A6C0 /* CoreGraphics.framework */,
			);
			name = Frameworks;
			sourceTree = "<group>";
		};
		047CE2E51740D4C70064A6C0 /* LZZTest */ = {
			isa = PBXGroup;
			children = (
				04E6CE1F174212AC00079CDB /* LZZTableViewPullRefresh */,
				04E6CE0217420C3600079CDB /* EGOTableViewPullRefresh */,
				04F1998C174128C10027902B /* Hash */,
				047CE3581740E9960064A6C0 /* GData */,
				047CE3281740E61C0064A6C0 /* ASIHTTPRequst */,
				047CE2E61740D4C70064A6C0 /* Supporting Files */,
				047CE30D1740E1470064A6C0 /* FMDB */,
				047CE3021740DE6E0064A6C0 /* Image */,
				047CE2EE1740D4C70064A6C0 /* LZZAppDelegate.h */,
				047CE2EF1740D4C70064A6C0 /* LZZAppDelegate.m */,
				047CE3071740DF820064A6C0 /* LZZNewsItem.h */,
				047CE3081740DF820064A6C0 /* LZZNewsItem.m */,
				047CE2FC1740D68B0064A6C0 /* LZZNewsCell.h */,
				047CE2FD1740D68B0064A6C0 /* LZZNewsCell.m */,
				047CE2FF1740DAA20064A6C0 /* LZZListViewController.h */,
				047CE3001740DAA20064A6C0 /* LZZListViewController.m */,
				04F1999017412E6F0027902B /* LZZFrameViewController.h */,
				04F1999117412E6F0027902B /* LZZFrameViewController.m */,
				047CE3611741138D0064A6C0 /* LZZNewsViewController.h */,
				047CE3621741138D0064A6C0 /* LZZNewsViewController.m */,
				047CE30A1740E1380064A6C0 /* LZZDatabaseManager.h */,
				047CE30B1740E1390064A6C0 /* LZZDatabaseManager.m */,
				047CE35C1740FAFA0064A6C0 /* LZZUniversal.h */,
				047CE35D1740FAFA0064A6C0 /* LZZUniversal.m */,
				047CE3561740E91A0064A6C0 /* list.txt */,
			);
			path = LZZTest;
			sourceTree = "<group>";
		};
		047CE2E61740D4C70064A6C0 /* Supporting Files */ = {
			isa = PBXGroup;
			children = (
				047CE2E71740D4C70064A6C0 /* LZZTest-Info.plist */,
				047CE2E81740D4C70064A6C0 /* InfoPlist.strings */,
				047CE2EB1740D4C70064A6C0 /* main.m */,
				047CE2ED1740D4C70064A6C0 /* LZZTest-Prefix.pch */,
				047CE2F11740D4C70064A6C0 /* Default.png */,
				047CE2F31740D4C70064A6C0 /* Default@2x.png */,
				047CE2F51740D4C70064A6C0 /* Default-568h@2x.png */,
			);
			name = "Supporting Files";
			sourceTree = "<group>";
		};
		047CE3021740DE6E0064A6C0 /* Image */ = {
			isa = PBXGroup;
			children = (
				04E6CE001741EEC500079CDB /* imagePlaceholder.png */,
				04E6CDFE1741E37500079CDB /* headBottomLine.png */,
				04E6CDFA1741E13100079CDB /* back.png */,
				047CE35F174112660064A6C0 /* head.png */,
				047CE3031740DE7F0064A6C0 /* buttomline.png */,
				047CE3041740DE7F0064A6C0 /* topline.png */,
			);
			name = Image;
			sourceTree = "<group>";
		};
		047CE30D1740E1470064A6C0 /* FMDB */ = {
			isa = PBXGroup;
			children = (
				047CE30E1740E1470064A6C0 /* FMDatabase.h */,
				047CE30F1740E1470064A6C0 /* FMDatabase.m */,
				047CE3101740E1470064A6C0 /* FMDatabaseAdditions.h */,
				047CE3111740E1470064A6C0 /* FMDatabaseAdditions.m */,
				047CE3121740E1470064A6C0 /* FMDatabasePool.h */,
				047CE3131740E1470064A6C0 /* FMDatabasePool.m */,
				047CE3141740E1470064A6C0 /* FMDatabaseQueue.h */,
				047CE3151740E1470064A6C0 /* FMDatabaseQueue.m */,
				047CE3161740E1470064A6C0 /* FMResultSet.h */,
				047CE3171740E1470064A6C0 /* FMResultSet.m */,
			);
			path = FMDB;
			sourceTree = "<group>";
		};
		047CE3281740E61C0064A6C0 /* ASIHTTPRequst */ = {
			isa = PBXGroup;
			children = (
				047CE3291740E61C0064A6C0 /* ASIAuthenticationDialog.h */,
				047CE32A1740E61C0064A6C0 /* ASIAuthenticationDialog.m */,
				047CE32B1740E61C0064A6C0 /* ASICacheDelegate.h */,
				047CE32C1740E61C0064A6C0 /* ASIDataCompressor.h */,
				047CE32D1740E61C0064A6C0 /* ASIDataCompressor.m */,
				047CE32E1740E61C0064A6C0 /* ASIDataDecompressor.h */,
				047CE32F1740E61C0064A6C0 /* ASIDataDecompressor.m */,
				047CE3301740E61C0064A6C0 /* ASIDownloadCache.h */,
				047CE3311740E61C0064A6C0 /* ASIDownloadCache.m */,
				047CE3321740E61C0064A6C0 /* ASIFormDataRequest.h */,
				047CE3331740E61C0064A6C0 /* ASIFormDataRequest.m */,
				047CE3341740E61C0064A6C0 /* ASIHTTPRequest.h */,
				047CE3351740E61C0064A6C0 /* ASIHTTPRequest.m */,
				047CE3361740E61C0064A6C0 /* ASIHTTPRequestConfig.h */,
				047CE3371740E61C0064A6C0 /* ASIHTTPRequestDelegate.h */,
				047CE3381740E61C0064A6C0 /* ASIInputStream.h */,
				047CE3391740E61C0064A6C0 /* ASIInputStream.m */,
				047CE33A1740E61C0064A6C0 /* ASINetworkQueue.h */,
				047CE33B1740E61C0064A6C0 /* ASINetworkQueue.m */,
				047CE33C1740E61C0064A6C0 /* ASIProgressDelegate.h */,
				047CE33D1740E61C0064A6C0 /* External */,
				047CE3411740E61C0064A6C0 /* Hash */,
			);
			path = ASIHTTPRequst;
			sourceTree = "<group>";
		};
		047CE33D1740E61C0064A6C0 /* External */ = {
			isa = PBXGroup;
			children = (
				047CE33E1740E61C0064A6C0 /* Reachability */,
			);
			path = External;
			sourceTree = "<group>";
		};
		047CE33E1740E61C0064A6C0 /* Reachability */ = {
			isa = PBXGroup;
			children = (
				047CE33F1740E61C0064A6C0 /* Reachability.h */,
				047CE3401740E61C0064A6C0 /* Reachability.m */,
			);
			path = Reachability;
			sourceTree = "<group>";
		};
		047CE3411740E61C0064A6C0 /* Hash */ = {
			isa = PBXGroup;
			children = (
				047CE3421740E61C0064A6C0 /* NSString+Hashing.h */,
				047CE3431740E61C0064A6C0 /* NSString+Hashing.m */,
			);
			path = Hash;
			sourceTree = "<group>";
		};
		047CE3581740E9960064A6C0 /* GData */ = {
			isa = PBXGroup;
			children = (
				047CE3591740E9960064A6C0 /* GDataXMLNode.h */,
				047CE35A1740E9960064A6C0 /* GDataXMLNode.m */,
			);
			path = GData;
			sourceTree = "<group>";
		};
		04E6CE0217420C3600079CDB /* EGOTableViewPullRefresh */ = {
			isa = PBXGroup;
			children = (
				04E6CE0317420C3600079CDB /* Classes */,
				04E6CE0717420C3600079CDB /* Resources */,
			);
			path = EGOTableViewPullRefresh;
			sourceTree = "<group>";
		};
		04E6CE0317420C3600079CDB /* Classes */ = {
			isa = PBXGroup;
			children = (
				04E6CE0417420C3600079CDB /* View */,
			);
			path = Classes;
			sourceTree = "<group>";
		};
		04E6CE0417420C3600079CDB /* View */ = {
			isa = PBXGroup;
			children = (
				04E6CE0517420C3600079CDB /* EGORefreshTableHeaderView.h */,
				04E6CE0617420C3600079CDB /* EGORefreshTableHeaderView.m */,
			);
			path = View;
			sourceTree = "<group>";
		};
		04E6CE0717420C3600079CDB /* Resources */ = {
			isa = PBXGroup;
			children = (
				04E6CE0817420C3600079CDB /* blackArrow.png */,
				04E6CE0917420C3600079CDB /* blackArrow@2x.png */,
				04E6CE0A17420C3600079CDB /* blueArrow.png */,
				04E6CE0B17420C3600079CDB /* blueArrow@2x.png */,
				04E6CE0C17420C3600079CDB /* grayArrow.png */,
				04E6CE0D17420C3600079CDB /* grayArrow@2x.png */,
				04E6CE0E17420C3600079CDB /* whiteArrow.png */,
				04E6CE0F17420C3600079CDB /* whiteArrow@2x.png */,
			);
			path = Resources;
			sourceTree = "<group>";
		};
		04E6CE1F174212AC00079CDB /* LZZTableViewPullRefresh */ = {
			isa = PBXGroup;
			children = (
				04E6CE20174212AD00079CDB /* LZZRefreshTableFooterView.h */,
				04E6CE21174212AD00079CDB /* LZZRefreshTableFooterView.m */,
			);
			path = LZZTableViewPullRefresh;
			sourceTree = "<group>";
		};
		04F1998C174128C10027902B /* Hash */ = {
			isa = PBXGroup;
			children = (
				04F1998D174128C10027902B /* NSString+Hashing.h */,
				04F1998E174128C10027902B /* NSString+Hashing.m */,
			);
			path = Hash;
			sourceTree = "<group>";
		};
/* End PBXGroup section */

/* Begin PBXNativeTarget section */
		047CE2DB1740D4C70064A6C0 /* LZZTest */ = {
			isa = PBXNativeTarget;
			buildConfigurationList = 047CE2F91740D4C70064A6C0 /* Build configuration list for PBXNativeTarget "LZZTest" */;
			buildPhases = (
				047CE2D81740D4C70064A6C0 /* Sources */,
				047CE2D91740D4C70064A6C0 /* Frameworks */,
				047CE2DA1740D4C70064A6C0 /* Resources */,
			);
			buildRules = (
			);
			dependencies = (
			);
			name = LZZTest;
			productName = LZZTest;
			productReference = 047CE2DC1740D4C70064A6C0 /* LZZTest.app */;
			productType = "com.apple.product-type.application";
		};
/* End PBXNativeTarget section */

/* Begin PBXProject section */
		047CE2D41740D4C70064A6C0 /* Project object */ = {
			isa = PBXProject;
			attributes = {
				CLASSPREFIX = LZZ;
				LastUpgradeCheck = 0460;
				ORGANIZATIONNAME = lucas;
			};
			buildConfigurationList = 047CE2D71740D4C70064A6C0 /* Build configuration list for PBXProject "LZZTest" */;
			compatibilityVersion = "Xcode 3.2";
			developmentRegion = English;
			hasScannedForEncodings = 0;
			knownRegions = (
				en,
			);
			mainGroup = 047CE2D31740D4C70064A6C0;
			productRefGroup = 047CE2DD1740D4C70064A6C0 /* Products */;
			projectDirPath = "";
			projectRoot = "";
			targets = (
				047CE2DB1740D4C70064A6C0 /* LZZTest */,
			);
		};
/* End PBXProject section */

/* Begin PBXResourcesBuildPhase section */
		047CE2DA1740D4C70064A6C0 /* Resources */ = {
			isa = PBXResourcesBuildPhase;
			buildActionMask = 2147483647;
			files = (
				047CE2EA1740D4C70064A6C0 /* InfoPlist.strings in Resources */,
				047CE2F21740D4C70064A6C0 /* Default.png in Resources */,
				047CE2F41740D4C70064A6C0 /* Default@2x.png in Resources */,
				047CE2F61740D4C70064A6C0 /* Default-568h@2x.png in Resources */,
				047CE3051740DE7F0064A6C0 /* buttomline.png in Resources */,
				047CE3061740DE7F0064A6C0 /* topline.png in Resources */,
				047CE3571740E91A0064A6C0 /* list.txt in Resources */,
				047CE360174112660064A6C0 /* head.png in Resources */,
				04E6CDFB1741E13100079CDB /* back.png in Resources */,
				04E6CDFF1741E37500079CDB /* headBottomLine.png in Resources */,
				04E6CE011741EEC500079CDB /* imagePlaceholder.png in Resources */,
				04E6CE1117420C3600079CDB /* blackArrow.png in Resources */,
				04E6CE1217420C3600079CDB /* blackArrow@2x.png in Resources */,
				04E6CE1317420C3600079CDB /* blueArrow.png in Resources */,
				04E6CE1417420C3600079CDB /* blueArrow@2x.png in Resources */,
				04E6CE1517420C3600079CDB /* grayArrow.png in Resources */,
				04E6CE1617420C3600079CDB /* grayArrow@2x.png in Resources */,
				04E6CE1717420C3600079CDB /* whiteArrow.png in Resources */,
				04E6CE1817420C3600079CDB /* whiteArrow@2x.png in Resources */,
			);
			runOnlyForDeploymentPostprocessing = 0;
		};
/* End PBXResourcesBuildPhase section */

/* Begin PBXSourcesBuildPhase section */
		047CE2D81740D4C70064A6C0 /* Sources */ = {
			isa = PBXSourcesBuildPhase;
			buildActionMask = 2147483647;
			files = (
				047CE2EC1740D4C70064A6C0 /* main.m in Sources */,
				047CE2F01740D4C70064A6C0 /* LZZAppDelegate.m in Sources */,
				047CE2FE1740D68B0064A6C0 /* LZZNewsCell.m in Sources */,
				047CE3011740DAA20064A6C0 /* LZZListViewController.m in Sources */,
				047CE3091740DF820064A6C0 /* LZZNewsItem.m in Sources */,
				047CE30C1740E1390064A6C0 /* LZZDatabaseManager.m in Sources */,
				047CE3181740E1470064A6C0 /* FMDatabase.m in Sources */,
				047CE3191740E1470064A6C0 /* FMDatabaseAdditions.m in Sources */,
				047CE31A1740E1470064A6C0 /* FMDatabasePool.m in Sources */,
				047CE31B1740E1470064A6C0 /* FMDatabaseQueue.m in Sources */,
				047CE31C1740E1470064A6C0 /* FMResultSet.m in Sources */,
				047CE3441740E61C0064A6C0 /* ASIAuthenticationDialog.m in Sources */,
				047CE3451740E61C0064A6C0 /* ASIDataCompressor.m in Sources */,
				047CE3461740E61C0064A6C0 /* ASIDataDecompressor.m in Sources */,
				047CE3471740E61C0064A6C0 /* ASIDownloadCache.m in Sources */,
				047CE3481740E61C0064A6C0 /* ASIFormDataRequest.m in Sources */,
				047CE3491740E61C0064A6C0 /* ASIHTTPRequest.m in Sources */,
				047CE34A1740E61C0064A6C0 /* ASIInputStream.m in Sources */,
				047CE34B1740E61C0064A6C0 /* ASINetworkQueue.m in Sources */,
				047CE34C1740E61C0064A6C0 /* Reachability.m in Sources */,
				047CE34D1740E61C0064A6C0 /* NSString+Hashing.m in Sources */,
				047CE35B1740E9960064A6C0 /* GDataXMLNode.m in Sources */,
				047CE35E1740FAFA0064A6C0 /* LZZUniversal.m in Sources */,
				047CE3631741138D0064A6C0 /* LZZNewsViewController.m in Sources */,
				04F1998F174128C10027902B /* NSString+Hashing.m in Sources */,
				04F1999217412E6F0027902B /* LZZFrameViewController.m in Sources */,
				04E6CE1017420C3600079CDB /* EGORefreshTableHeaderView.m in Sources */,
				04E6CE22174212AD00079CDB /* LZZRefreshTableFooterView.m in Sources */,
			);
			runOnlyForDeploymentPostprocessing = 0;
		};
/* End PBXSourcesBuildPhase section */

/* Begin PBXVariantGroup section */
		047CE2E81740D4C70064A6C0 /* InfoPlist.strings */ = {
			isa = PBXVariantGroup;
			children = (
				047CE2E91740D4C70064A6C0 /* en */,
			);
			name = InfoPlist.strings;
			sourceTree = "<group>";
		};
/* End PBXVariantGroup section */

/* Begin XCBuildConfiguration section */
		047CE2F71740D4C70064A6C0 /* Debug */ = {
			isa = XCBuildConfiguration;
			buildSettings = {
				ALWAYS_SEARCH_USER_PATHS = NO;
				CLANG_CXX_LANGUAGE_STANDARD = "gnu++0x";
				CLANG_CXX_LIBRARY = "libc++";
				CLANG_WARN_CONSTANT_CONVERSION = YES;
				CLANG_WARN_EMPTY_BODY = YES;
				CLANG_WARN_ENUM_CONVERSION = YES;
				CLANG_WARN_INT_CONVERSION = YES;
				CLANG_WARN__DUPLICATE_METHOD_MATCH = YES;
				"CODE_SIGN_IDENTITY[sdk=iphoneos*]" = "iPhone Developer";
				COPY_PHASE_STRIP = NO;
				GCC_C_LANGUAGE_STANDARD = gnu99;
				GCC_DYNAMIC_NO_PIC = NO;
				GCC_OPTIMIZATION_LEVEL = 0;
				GCC_PREPROCESSOR_DEFINITIONS = (
					"DEBUG=1",
					"$(inherited)",
				);
				GCC_SYMBOLS_PRIVATE_EXTERN = NO;
				GCC_WARN_ABOUT_RETURN_TYPE = YES;
				GCC_WARN_UNINITIALIZED_AUTOS = YES;
				GCC_WARN_UNUSED_VARIABLE = YES;
				IPHONEOS_DEPLOYMENT_TARGET = 6.1;
				ONLY_ACTIVE_ARCH = YES;
				SDKROOT = iphoneos;
			};
			name = Debug;
		};
		047CE2F81740D4C70064A6C0 /* Release */ = {
			isa = XCBuildConfiguration;
			buildSettings = {
				ALWAYS_SEARCH_USER_PATHS = NO;
				CLANG_CXX_LANGUAGE_STANDARD = "gnu++0x";
				CLANG_CXX_LIBRARY = "libc++";
				CLANG_WARN_CONSTANT_CONVERSION = YES;
				CLANG_WARN_EMPTY_BODY = YES;
				CLANG_WARN_ENUM_CONVERSION = YES;
				CLANG_WARN_INT_CONVERSION = YES;
				CLANG_WARN__DUPLICATE_METHOD_MATCH = YES;
				"CODE_SIGN_IDENTITY[sdk=iphoneos*]" = "iPhone Developer";
				COPY_PHASE_STRIP = YES;
				GCC_C_LANGUAGE_STANDARD = gnu99;
				GCC_WARN_ABOUT_RETURN_TYPE = YES;
				GCC_WARN_UNINITIALIZED_AUTOS = YES;
				GCC_WARN_UNUSED_VARIABLE = YES;
				IPHONEOS_DEPLOYMENT_TARGET = 6.1;
				OTHER_CFLAGS = "-DNS_BLOCK_ASSERTIONS=1";
				SDKROOT = iphoneos;
				VALIDATE_PRODUCT = YES;
			};
			name = Release;
		};
		047CE2FA1740D4C70064A6C0 /* Debug */ = {
			isa = XCBuildConfiguration;
			buildSettings = {
				GCC_PRECOMPILE_PREFIX_HEADER = YES;
				GCC_PREFIX_HEADER = "LZZTest/LZZTest-Prefix.pch";
				HEADER_SEARCH_PATHS = /usr/include/libxml2;
				INFOPLIST_FILE = "LZZTest/LZZTest-Info.plist";
				PRODUCT_NAME = "$(TARGET_NAME)";
				WRAPPER_EXTENSION = app;
			};
			name = Debug;
		};
		047CE2FB1740D4C70064A6C0 /* Release */ = {
			isa = XCBuildConfiguration;
			buildSettings = {
				GCC_PRECOMPILE_PREFIX_HEADER = YES;
				GCC_PREFIX_HEADER = "LZZTest/LZZTest-Prefix.pch";
				HEADER_SEARCH_PATHS = /usr/include/libxml2;
				INFOPLIST_FILE = "LZZTest/LZZTest-Info.plist";
				PRODUCT_NAME = "$(TARGET_NAME)";
				WRAPPER_EXTENSION = app;
			};
			name = Release;
		};
/* End XCBuildConfiguration section */

/* Begin XCConfigurationList section */
		047CE2D71740D4C70064A6C0 /* Build configuration list for PBXProject "LZZTest" */ = {
			isa = XCConfigurationList;
			buildConfigurations = (
				047CE2F71740D4C70064A6C0 /* Debug */,
				047CE2F81740D4C70064A6C0 /* Release */,
			);
			defaultConfigurationIsVisible = 0;
			defaultConfigurationName = Release;
		};
		047CE2F91740D4C70064A6C0 /* Build configuration list for PBXNativeTarget "LZZTest" */ = {
			isa = XCConfigurationList;
			buildConfigurations = (
				047CE2FA1740D4C70064A6C0 /* Debug */,
				047CE2FB1740D4C70064A6C0 /* Release */,
			);
			defaultConfigurationIsVisible = 0;
			defaultConfigurationName = Release;
		};
/* End XCConfigurationList section */
	};
	rootObject = 047CE2D41740D4C70064A6C0 /* Project object */;
}
